
Microsoft Visual Studio Solution File, Format Version 12.00
# Visual Studio Version 17
VisualStudioVersion = 17.4.33205.214
MinimumVisualStudioVersion = 10.0.40219.1
Project("{9A19103F-16F7-4668-BE54-9A1E7A4F7556}") = "Projekt", "Projekt\Projekt.csproj", "{CBC0FFCC-3C88-4E40-990A-1FF34D9C4C5F}"
EndProject
Global
	GlobalSection(SolutionConfigurationPlatforms) = preSolution
		Debug|Any CPU = Debug|Any CPU
		Release|Any CPU = Release|Any CPU
	EndGlobalSection
	GlobalSection(ProjectConfigurationPlatforms) = postSolution
		{CBC0FFCC-3C88-4E40-990A-1FF34D9C4C5F}.Debug|Any CPU.ActiveCfg = Debug|Any CPU
		{CBC0FFCC-3C88-4E40-990A-1FF34D9C4C5F}.Debug|Any CPU.Build.0 = Debug|Any CPU
		{CBC0FFCC-3C88-4E40-990A-1FF34D9C4C5F}.Release|Any CPU.ActiveCfg = Release|Any CPU
		{CBC0FFCC-3C88-4E40-990A-1FF34D9C4C5F}.Release|Any CPU.Build.0 = Release|Any CPU
	EndGlobalSection
	GlobalSection(SolutionProperties) = preSolution
		HideSolutionNode = FALSE
	EndGlobalSection
	GlobalSection(ExtensibilityGlobals) = postSolution
		SolutionGuid = {680D77B5-9D3C-443C-98B2-E44628CA2468}
	EndGlobalSection
EndGlobal
